schema: '2.0'
stages:
  validate:
    cmd: python3 src/data_validation.py
    deps:
    - path: data/raw/empexpsaldataset.csv
      hash: md5
      md5: 7c0650bb79a0c3046e32a6b2faa8b405
      size: 450
  preprocess:
    cmd: python3 src/preprocessing.py
    deps:
    - path: data/raw/empexpsaldataset.csv
      hash: md5
      md5: 7c0650bb79a0c3046e32a6b2faa8b405
      size: 450
    outs:
    - path: data/processed/empexpsalclean.csv
      hash: md5
      md5: 7713452ec8bb56b4f317b0aece842c32
      size: 393
  train:
    cmd: python3 src/train.py
    deps:
    - path: data/processed/empexpsalclean.csv
      hash: md5
      md5: 7713452ec8bb56b4f317b0aece842c32
      size: 393
    outs:
    - path: models/model.pkl
      hash: md5
      md5: 7e4c145a295cd2aec3e581092ae032ab
      size: 833
